
Microsoft Visual Studio Solution File, Format Version 12.00
# Visual Studio Version 17
VisualStudioVersion = 17.6.33829.357
MinimumVisualStudioVersion = 10.0.40219.1
Project("{9A19103F-16F7-4668-BE54-9A1E7A4F7556}") = "UserUI", "VP_Prac1\UserUI.csproj", "{229F228B-C747-4FE1-A08C-487485F4C911}"
EndProject
Project("{FAE04EC0-301F-11D3-BF4B-00C04F79EFBC}") = "Task1", "Task1\Task1.csproj", "{39DB0074-FB2D-4EC4-8F3F-728612407327}"
EndProject
Project("{FAE04EC0-301F-11D3-BF4B-00C04F79EFBC}") = "Task2", "Task2\Task2.csproj", "{41B4E043-0154-43A4-BC4D-E2D0AB7C97FF}"
EndProject
Global
	GlobalSection(SolutionConfigurationPlatforms) = preSolution
		Debug|Any CPU = Debug|Any CPU
		Release|Any CPU = Release|Any CPU
	EndGlobalSection
	GlobalSection(ProjectConfigurationPlatforms) = postSolution
		{229F228B-C747-4FE1-A08C-487485F4C911}.Debug|Any CPU.ActiveCfg = Debug|Any CPU
		{229F228B-C747-4FE1-A08C-487485F4C911}.Debug|Any CPU.Build.0 = Debug|Any CPU
		{229F228B-C747-4FE1-A08C-487485F4C911}.Release|Any CPU.ActiveCfg = Release|Any CPU
		{229F228B-C747-4FE1-A08C-487485F4C911}.Release|Any CPU.Build.0 = Release|Any CPU
		{39DB0074-FB2D-4EC4-8F3F-728612407327}.Debug|Any CPU.ActiveCfg = Debug|Any CPU
		{39DB0074-FB2D-4EC4-8F3F-728612407327}.Debug|Any CPU.Build.0 = Debug|Any CPU
		{39DB0074-FB2D-4EC4-8F3F-728612407327}.Release|Any CPU.ActiveCfg = Release|Any CPU
		{39DB0074-FB2D-4EC4-8F3F-728612407327}.Release|Any CPU.Build.0 = Release|Any CPU
		{41B4E043-0154-43A4-BC4D-E2D0AB7C97FF}.Debug|Any CPU.ActiveCfg = Debug|Any CPU
		{41B4E043-0154-43A4-BC4D-E2D0AB7C97FF}.Debug|Any CPU.Build.0 = Debug|Any CPU
		{41B4E043-0154-43A4-BC4D-E2D0AB7C97FF}.Release|Any CPU.ActiveCfg = Release|Any CPU
		{41B4E043-0154-43A4-BC4D-E2D0AB7C97FF}.Release|Any CPU.Build.0 = Release|Any CPU
	EndGlobalSection
	GlobalSection(SolutionProperties) = preSolution
		HideSolutionNode = FALSE
	EndGlobalSection
	GlobalSection(ExtensibilityGlobals) = postSolution
		SolutionGuid = {EAEDA166-CE07-4D99-8968-EFBCED938936}
	EndGlobalSection
EndGlobal
