
Microsoft Visual Studio Solution File, Format Version 12.00
# Visual Studio Version 17
VisualStudioVersion = 17.11.35431.28
MinimumVisualStudioVersion = 10.0.40219.1
Project("{FAE04EC0-301F-11D3-BF4B-00C04F79EFBC}") = "LibraryLINQ", "LibraryLINQ\LibraryLINQ.csproj", "{35BB0F7D-D40E-43B1-AC68-E98C5EDFEF37}"
EndProject
Project("{FAE04EC0-301F-11D3-BF4B-00C04F79EFBC}") = "UserUI", "UserUI\UserUI.csproj", "{C9C8E766-4491-4B6D-86F4-81AC4D715E6F}"
EndProject
Global
	GlobalSection(SolutionConfigurationPlatforms) = preSolution
		Debug|Any CPU = Debug|Any CPU
		Release|Any CPU = Release|Any CPU
	EndGlobalSection
	GlobalSection(ProjectConfigurationPlatforms) = postSolution
		{35BB0F7D-D40E-43B1-AC68-E98C5EDFEF37}.Debug|Any CPU.ActiveCfg = Debug|Any CPU
		{35BB0F7D-D40E-43B1-AC68-E98C5EDFEF37}.Debug|Any CPU.Build.0 = Debug|Any CPU
		{35BB0F7D-D40E-43B1-AC68-E98C5EDFEF37}.Release|Any CPU.ActiveCfg = Release|Any CPU
		{35BB0F7D-D40E-43B1-AC68-E98C5EDFEF37}.Release|Any CPU.Build.0 = Release|Any CPU
		{C9C8E766-4491-4B6D-86F4-81AC4D715E6F}.Debug|Any CPU.ActiveCfg = Debug|Any CPU
		{C9C8E766-4491-4B6D-86F4-81AC4D715E6F}.Debug|Any CPU.Build.0 = Debug|Any CPU
		{C9C8E766-4491-4B6D-86F4-81AC4D715E6F}.Release|Any CPU.ActiveCfg = Release|Any CPU
		{C9C8E766-4491-4B6D-86F4-81AC4D715E6F}.Release|Any CPU.Build.0 = Release|Any CPU
	EndGlobalSection
	GlobalSection(SolutionProperties) = preSolution
		HideSolutionNode = FALSE
	EndGlobalSection
	GlobalSection(ExtensibilityGlobals) = postSolution
		SolutionGuid = {6428A30F-CA83-4218-87EA-49CCFF026F14}
	EndGlobalSection
EndGlobal
